
Microsoft Visual Studio Solution File, Format Version 12.00
# Visual Studio Version 16
VisualStudioVersion = 16.0.30225.117
MinimumVisualStudioVersion = 10.0.40219.1
Project("{FAE04EC0-301F-11D3-BF4B-00C04F79EFBC}") = "sacta-proxy", "sacta-proxy\sacta-proxy.csproj", "{850B95CF-B8D0-4565-A6EA-C37D869A5266}"
EndProject
Project("{FAE04EC0-301F-11D3-BF4B-00C04F79EFBC}") = "sacta-proxy-tests", "sacta-proxy-tests\sacta-proxy-tests.csproj", "{A5747C89-8AE6-44F8-9F80-7ECA59A97C44}"
EndProject
Project("{FAE04EC0-301F-11D3-BF4B-00C04F79EFBC}") = "SimulSACTA", "SimulSacta\SimulSACTA.csproj", "{66E1165B-77A6-4A49-8270-EA43C816D1C9}"
EndProject
Project("{FAE04EC0-301F-11D3-BF4B-00C04F79EFBC}") = "SimulScv", "SimulScv\SimulScv.csproj", "{7E85644B-00D5-41D7-A23A-836CC8BBB00A}"
EndProject
Project("{2150E333-8FDC-42A3-9474-1A3956D46DE8}") = "Setup", "Setup", "{5D4923F4-C2F9-468B-8CFB-6DDF25440112}"
EndProject
Project("{930C7802-8A8C-48F9-8165-68863BCCD9DD}") = "SactaProxySetup", "Setup\NuSactaProxySetup\SactaProxySetup.wixproj", "{8B77D474-38AD-4A47-8E6B-74F18CF7F750}"
	ProjectSection(ProjectDependencies) = postProject
		{850B95CF-B8D0-4565-A6EA-C37D869A5266} = {850B95CF-B8D0-4565-A6EA-C37D869A5266}
	EndProjectSection
EndProject
Project("{2150E333-8FDC-42A3-9474-1A3956D46DE8}") = "Cluster+", "Cluster+", "{6A2CE122-A741-49D2-A761-04C0586FE59B}"
	ProjectSection(SolutionItems) = preProject
		todo.txt = todo.txt
	EndProjectSection
EndProject
Project("{FAE04EC0-301F-11D3-BF4B-00C04F79EFBC}") = "ClusterSrv", "SoftCluster\ClusterSrv\ClusterSrv.csproj", "{00234A06-85A1-40B0-B6BB-1B664D7D8F1C}"
	ProjectSection(ProjectDependencies) = postProject
		{E831E9A6-7AD8-4F9A-BEE4-979CDC2256F0} = {E831E9A6-7AD8-4F9A-BEE4-979CDC2256F0}
	EndProjectSection
EndProject
Project("{FAE04EC0-301F-11D3-BF4B-00C04F79EFBC}") = "ClusterLib", "SoftCluster\ClusterLib\ClusterLib.csproj", "{F4A852F5-4DA4-4B99-A1D3-C881D12E8488}"
EndProject
Project("{FAE04EC0-301F-11D3-BF4B-00C04F79EFBC}") = "Utilities", "SoftCluster\Utilities\Utilities.csproj", "{822F500D-ADB8-4BB1-8A1C-E9FEAFF369B0}"
EndProject
Project("{FAE04EC0-301F-11D3-BF4B-00C04F79EFBC}") = "ClusterLib2", "SoftCluster\ClusterLib2\ClusterLib2.csproj", "{E831E9A6-7AD8-4F9A-BEE4-979CDC2256F0}"
EndProject
Project("{FAE04EC0-301F-11D3-BF4B-00C04F79EFBC}") = "ClusterNodeSimul", "SoftCluster\ClusterNodeSimul\ClusterNodeSimul.csproj", "{C7198928-9CC6-4EF1-8CF8-5313B8EC0BBB}"
EndProject
Global
	GlobalSection(SolutionConfigurationPlatforms) = preSolution
		Debug|Any CPU = Debug|Any CPU
		Debug|x64 = Debug|x64
		Debug|x86 = Debug|x86
		Release|Any CPU = Release|Any CPU
		Release|x64 = Release|x64
		Release|x86 = Release|x86
	EndGlobalSection
	GlobalSection(ProjectConfigurationPlatforms) = postSolution
		{850B95CF-B8D0-4565-A6EA-C37D869A5266}.Debug|Any CPU.ActiveCfg = Debug|Any CPU
		{850B95CF-B8D0-4565-A6EA-C37D869A5266}.Debug|Any CPU.Build.0 = Debug|Any CPU
		{850B95CF-B8D0-4565-A6EA-C37D869A5266}.Debug|x64.ActiveCfg = Debug|Any CPU
		{850B95CF-B8D0-4565-A6EA-C37D869A5266}.Debug|x64.Build.0 = Debug|Any CPU
		{850B95CF-B8D0-4565-A6EA-C37D869A5266}.Debug|x86.ActiveCfg = Debug|Any CPU
		{850B95CF-B8D0-4565-A6EA-C37D869A5266}.Debug|x86.Build.0 = Debug|Any CPU
		{850B95CF-B8D0-4565-A6EA-C37D869A5266}.Release|Any CPU.ActiveCfg = Release|Any CPU
		{850B95CF-B8D0-4565-A6EA-C37D869A5266}.Release|Any CPU.Build.0 = Release|Any CPU
		{850B95CF-B8D0-4565-A6EA-C37D869A5266}.Release|x64.ActiveCfg = Release|Any CPU
		{850B95CF-B8D0-4565-A6EA-C37D869A5266}.Release|x64.Build.0 = Release|Any CPU
		{850B95CF-B8D0-4565-A6EA-C37D869A5266}.Release|x86.ActiveCfg = Release|Any CPU
		{850B95CF-B8D0-4565-A6EA-C37D869A5266}.Release|x86.Build.0 = Release|Any CPU
		{A5747C89-8AE6-44F8-9F80-7ECA59A97C44}.Debug|Any CPU.ActiveCfg = Debug|Any CPU
		{A5747C89-8AE6-44F8-9F80-7ECA59A97C44}.Debug|Any CPU.Build.0 = Debug|Any CPU
		{A5747C89-8AE6-44F8-9F80-7ECA59A97C44}.Debug|x64.ActiveCfg = Debug|Any CPU
		{A5747C89-8AE6-44F8-9F80-7ECA59A97C44}.Debug|x64.Build.0 = Debug|Any CPU
		{A5747C89-8AE6-44F8-9F80-7ECA59A97C44}.Debug|x86.ActiveCfg = Debug|Any CPU
		{A5747C89-8AE6-44F8-9F80-7ECA59A97C44}.Debug|x86.Build.0 = Debug|Any CPU
		{A5747C89-8AE6-44F8-9F80-7ECA59A97C44}.Release|Any CPU.ActiveCfg = Release|Any CPU
		{A5747C89-8AE6-44F8-9F80-7ECA59A97C44}.Release|Any CPU.Build.0 = Release|Any CPU
		{A5747C89-8AE6-44F8-9F80-7ECA59A97C44}.Release|x64.ActiveCfg = Release|Any CPU
		{A5747C89-8AE6-44F8-9F80-7ECA59A97C44}.Release|x64.Build.0 = Release|Any CPU
		{A5747C89-8AE6-44F8-9F80-7ECA59A97C44}.Release|x86.ActiveCfg = Release|Any CPU
		{A5747C89-8AE6-44F8-9F80-7ECA59A97C44}.Release|x86.Build.0 = Release|Any CPU
		{66E1165B-77A6-4A49-8270-EA43C816D1C9}.Debug|Any CPU.ActiveCfg = Debug|Any CPU
		{66E1165B-77A6-4A49-8270-EA43C816D1C9}.Debug|Any CPU.Build.0 = Debug|Any CPU
		{66E1165B-77A6-4A49-8270-EA43C816D1C9}.Debug|x64.ActiveCfg = Debug|Any CPU
		{66E1165B-77A6-4A49-8270-EA43C816D1C9}.Debug|x64.Build.0 = Debug|Any CPU
		{66E1165B-77A6-4A49-8270-EA43C816D1C9}.Debug|x86.ActiveCfg = Debug|Any CPU
		{66E1165B-77A6-4A49-8270-EA43C816D1C9}.Debug|x86.Build.0 = Debug|Any CPU
		{66E1165B-77A6-4A49-8270-EA43C816D1C9}.Release|Any CPU.ActiveCfg = Release|Any CPU
		{66E1165B-77A6-4A49-8270-EA43C816D1C9}.Release|Any CPU.Build.0 = Release|Any CPU
		{66E1165B-77A6-4A49-8270-EA43C816D1C9}.Release|x64.ActiveCfg = Release|Any CPU
		{66E1165B-77A6-4A49-8270-EA43C816D1C9}.Release|x64.Build.0 = Release|Any CPU
		{66E1165B-77A6-4A49-8270-EA43C816D1C9}.Release|x86.ActiveCfg = Release|Any CPU
		{66E1165B-77A6-4A49-8270-EA43C816D1C9}.Release|x86.Build.0 = Release|Any CPU
		{7E85644B-00D5-41D7-A23A-836CC8BBB00A}.Debug|Any CPU.ActiveCfg = Debug|Any CPU
		{7E85644B-00D5-41D7-A23A-836CC8BBB00A}.Debug|Any CPU.Build.0 = Debug|Any CPU
		{7E85644B-00D5-41D7-A23A-836CC8BBB00A}.Debug|x64.ActiveCfg = Debug|Any CPU
		{7E85644B-00D5-41D7-A23A-836CC8BBB00A}.Debug|x64.Build.0 = Debug|Any CPU
		{7E85644B-00D5-41D7-A23A-836CC8BBB00A}.Debug|x86.ActiveCfg = Debug|Any CPU
		{7E85644B-00D5-41D7-A23A-836CC8BBB00A}.Debug|x86.Build.0 = Debug|Any CPU
		{7E85644B-00D5-41D7-A23A-836CC8BBB00A}.Release|Any CPU.ActiveCfg = Release|Any CPU
		{7E85644B-00D5-41D7-A23A-836CC8BBB00A}.Release|Any CPU.Build.0 = Release|Any CPU
		{7E85644B-00D5-41D7-A23A-836CC8BBB00A}.Release|x64.ActiveCfg = Release|Any CPU
		{7E85644B-00D5-41D7-A23A-836CC8BBB00A}.Release|x64.Build.0 = Release|Any CPU
		{7E85644B-00D5-41D7-A23A-836CC8BBB00A}.Release|x86.ActiveCfg = Release|Any CPU
		{7E85644B-00D5-41D7-A23A-836CC8BBB00A}.Release|x86.Build.0 = Release|Any CPU
		{8B77D474-38AD-4A47-8E6B-74F18CF7F750}.Debug|Any CPU.ActiveCfg = Debug|x86
		{8B77D474-38AD-4A47-8E6B-74F18CF7F750}.Debug|x64.ActiveCfg = Debug|x86
		{8B77D474-38AD-4A47-8E6B-74F18CF7F750}.Debug|x86.ActiveCfg = Debug|x86
		{8B77D474-38AD-4A47-8E6B-74F18CF7F750}.Debug|x86.Build.0 = Debug|x86
		{8B77D474-38AD-4A47-8E6B-74F18CF7F750}.Release|Any CPU.ActiveCfg = Release|x86
		{8B77D474-38AD-4A47-8E6B-74F18CF7F750}.Release|x64.ActiveCfg = Release|x86
		{8B77D474-38AD-4A47-8E6B-74F18CF7F750}.Release|x86.ActiveCfg = Release|x86
		{8B77D474-38AD-4A47-8E6B-74F18CF7F750}.Release|x86.Build.0 = Release|x86
		{00234A06-85A1-40B0-B6BB-1B664D7D8F1C}.Debug|Any CPU.ActiveCfg = Debug|Any CPU
		{00234A06-85A1-40B0-B6BB-1B664D7D8F1C}.Debug|Any CPU.Build.0 = Debug|Any CPU
		{00234A06-85A1-40B0-B6BB-1B664D7D8F1C}.Debug|x64.ActiveCfg = Debug|x64
		{00234A06-85A1-40B0-B6BB-1B664D7D8F1C}.Debug|x64.Build.0 = Debug|x64
		{00234A06-85A1-40B0-B6BB-1B664D7D8F1C}.Debug|x86.ActiveCfg = Debug|x86
		{00234A06-85A1-40B0-B6BB-1B664D7D8F1C}.Debug|x86.Build.0 = Debug|x86
		{00234A06-85A1-40B0-B6BB-1B664D7D8F1C}.Release|Any CPU.ActiveCfg = Release|Any CPU
		{00234A06-85A1-40B0-B6BB-1B664D7D8F1C}.Release|Any CPU.Build.0 = Release|Any CPU
		{00234A06-85A1-40B0-B6BB-1B664D7D8F1C}.Release|x64.ActiveCfg = Release|x64
		{00234A06-85A1-40B0-B6BB-1B664D7D8F1C}.Release|x64.Build.0 = Release|x64
		{00234A06-85A1-40B0-B6BB-1B664D7D8F1C}.Release|x86.ActiveCfg = Release|x86
		{00234A06-85A1-40B0-B6BB-1B664D7D8F1C}.Release|x86.Build.0 = Release|x86
		{F4A852F5-4DA4-4B99-A1D3-C881D12E8488}.Debug|Any CPU.ActiveCfg = Debug|Any CPU
		{F4A852F5-4DA4-4B99-A1D3-C881D12E8488}.Debug|Any CPU.Build.0 = Debug|Any CPU
		{F4A852F5-4DA4-4B99-A1D3-C881D12E8488}.Debug|x64.ActiveCfg = Debug|Any CPU
		{F4A852F5-4DA4-4B99-A1D3-C881D12E8488}.Debug|x64.Build.0 = Debug|Any CPU
		{F4A852F5-4DA4-4B99-A1D3-C881D12E8488}.Debug|x86.ActiveCfg = Debug|Any CPU
		{F4A852F5-4DA4-4B99-A1D3-C881D12E8488}.Debug|x86.Build.0 = Debug|Any CPU
		{F4A852F5-4DA4-4B99-A1D3-C881D12E8488}.Release|Any CPU.ActiveCfg = Release|Any CPU
		{F4A852F5-4DA4-4B99-A1D3-C881D12E8488}.Release|Any CPU.Build.0 = Release|Any CPU
		{F4A852F5-4DA4-4B99-A1D3-C881D12E8488}.Release|x64.ActiveCfg = Release|Any CPU
		{F4A852F5-4DA4-4B99-A1D3-C881D12E8488}.Release|x64.Build.0 = Release|Any CPU
		{F4A852F5-4DA4-4B99-A1D3-C881D12E8488}.Release|x86.ActiveCfg = Release|Any CPU
		{F4A852F5-4DA4-4B99-A1D3-C881D12E8488}.Release|x86.Build.0 = Release|Any CPU
		{822F500D-ADB8-4BB1-8A1C-E9FEAFF369B0}.Debug|Any CPU.ActiveCfg = Debug|Any CPU
		{822F500D-ADB8-4BB1-8A1C-E9FEAFF369B0}.Debug|Any CPU.Build.0 = Debug|Any CPU
		{822F500D-ADB8-4BB1-8A1C-E9FEAFF369B0}.Debug|x64.ActiveCfg = Debug|Any CPU
		{822F500D-ADB8-4BB1-8A1C-E9FEAFF369B0}.Debug|x64.Build.0 = Debug|Any CPU
		{822F500D-ADB8-4BB1-8A1C-E9FEAFF369B0}.Debug|x86.ActiveCfg = Debug|x86
		{822F500D-ADB8-4BB1-8A1C-E9FEAFF369B0}.Debug|x86.Build.0 = Debug|x86
		{822F500D-ADB8-4BB1-8A1C-E9FEAFF369B0}.Release|Any CPU.ActiveCfg = Release|Any CPU
		{822F500D-ADB8-4BB1-8A1C-E9FEAFF369B0}.Release|Any CPU.Build.0 = Release|Any CPU
		{822F500D-ADB8-4BB1-8A1C-E9FEAFF369B0}.Release|x64.ActiveCfg = Release|Any CPU
		{822F500D-ADB8-4BB1-8A1C-E9FEAFF369B0}.Release|x64.Build.0 = Release|Any CPU
		{822F500D-ADB8-4BB1-8A1C-E9FEAFF369B0}.Release|x86.ActiveCfg = Release|x86
		{822F500D-ADB8-4BB1-8A1C-E9FEAFF369B0}.Release|x86.Build.0 = Release|x86
		{E831E9A6-7AD8-4F9A-BEE4-979CDC2256F0}.Debug|Any CPU.ActiveCfg = Debug|Any CPU
		{E831E9A6-7AD8-4F9A-BEE4-979CDC2256F0}.Debug|Any CPU.Build.0 = Debug|Any CPU
		{E831E9A6-7AD8-4F9A-BEE4-979CDC2256F0}.Debug|x64.ActiveCfg = Debug|Any CPU
		{E831E9A6-7AD8-4F9A-BEE4-979CDC2256F0}.Debug|x64.Build.0 = Debug|Any CPU
		{E831E9A6-7AD8-4F9A-BEE4-979CDC2256F0}.Debug|x86.ActiveCfg = Debug|Any CPU
		{E831E9A6-7AD8-4F9A-BEE4-979CDC2256F0}.Debug|x86.Build.0 = Debug|Any CPU
		{E831E9A6-7AD8-4F9A-BEE4-979CDC2256F0}.Release|Any CPU.ActiveCfg = Release|Any CPU
		{E831E9A6-7AD8-4F9A-BEE4-979CDC2256F0}.Release|Any CPU.Build.0 = Release|Any CPU
		{E831E9A6-7AD8-4F9A-BEE4-979CDC2256F0}.Release|x64.ActiveCfg = Release|Any CPU
		{E831E9A6-7AD8-4F9A-BEE4-979CDC2256F0}.Release|x64.Build.0 = Release|Any CPU
		{E831E9A6-7AD8-4F9A-BEE4-979CDC2256F0}.Release|x86.ActiveCfg = Release|Any CPU
		{E831E9A6-7AD8-4F9A-BEE4-979CDC2256F0}.Release|x86.Build.0 = Release|Any CPU
		{C7198928-9CC6-4EF1-8CF8-5313B8EC0BBB}.Debug|Any CPU.ActiveCfg = Debug|Any CPU
		{C7198928-9CC6-4EF1-8CF8-5313B8EC0BBB}.Debug|Any CPU.Build.0 = Debug|Any CPU
		{C7198928-9CC6-4EF1-8CF8-5313B8EC0BBB}.Debug|x64.ActiveCfg = Debug|Any CPU
		{C7198928-9CC6-4EF1-8CF8-5313B8EC0BBB}.Debug|x64.Build.0 = Debug|Any CPU
		{C7198928-9CC6-4EF1-8CF8-5313B8EC0BBB}.Debug|x86.ActiveCfg = Debug|Any CPU
		{C7198928-9CC6-4EF1-8CF8-5313B8EC0BBB}.Debug|x86.Build.0 = Debug|Any CPU
		{C7198928-9CC6-4EF1-8CF8-5313B8EC0BBB}.Release|Any CPU.ActiveCfg = Release|Any CPU
		{C7198928-9CC6-4EF1-8CF8-5313B8EC0BBB}.Release|Any CPU.Build.0 = Release|Any CPU
		{C7198928-9CC6-4EF1-8CF8-5313B8EC0BBB}.Release|x64.ActiveCfg = Release|Any CPU
		{C7198928-9CC6-4EF1-8CF8-5313B8EC0BBB}.Release|x64.Build.0 = Release|Any CPU
		{C7198928-9CC6-4EF1-8CF8-5313B8EC0BBB}.Release|x86.ActiveCfg = Release|Any CPU
		{C7198928-9CC6-4EF1-8CF8-5313B8EC0BBB}.Release|x86.Build.0 = Release|Any CPU
	EndGlobalSection
	GlobalSection(SolutionProperties) = preSolution
		HideSolutionNode = FALSE
	EndGlobalSection
	GlobalSection(NestedProjects) = preSolution
		{8B77D474-38AD-4A47-8E6B-74F18CF7F750} = {5D4923F4-C2F9-468B-8CFB-6DDF25440112}
		{00234A06-85A1-40B0-B6BB-1B664D7D8F1C} = {6A2CE122-A741-49D2-A761-04C0586FE59B}
		{F4A852F5-4DA4-4B99-A1D3-C881D12E8488} = {6A2CE122-A741-49D2-A761-04C0586FE59B}
		{822F500D-ADB8-4BB1-8A1C-E9FEAFF369B0} = {6A2CE122-A741-49D2-A761-04C0586FE59B}
		{E831E9A6-7AD8-4F9A-BEE4-979CDC2256F0} = {6A2CE122-A741-49D2-A761-04C0586FE59B}
		{C7198928-9CC6-4EF1-8CF8-5313B8EC0BBB} = {6A2CE122-A741-49D2-A761-04C0586FE59B}
	EndGlobalSection
	GlobalSection(ExtensibilityGlobals) = postSolution
		SolutionGuid = {075A210B-E793-4BBF-98D6-CA5833081B30}
	EndGlobalSection
EndGlobal
